<?xml version="1.0" encoding="utf-8"?>
<Project ToolsVersion="4.0" xmlns="http://schemas.microsoft.com/developer/msbuild/2003">
  <ItemGroup>
    <ClCompile Include="main.cpp" />
    <ClCompile Include="pch.cpp" />
    <ClCompile Include="BattlePassSeasonManager.cpp">
      <Filter>Contents</Filter>
    </ClCompile>
    <ClCompile Include="Protocol.pb.cc">
      <Filter>Protocol</Filter>
    </ClCompile>
  </ItemGroup>
  <ItemGroup>
    <ClInclude Include="pch.h" />
    <ClInclude Include="BattlePassSeasonManager.h">
      <Filter>Contents</Filter>
    </ClInclude>
    <ClInclude Include="BattlePassData.h">
      <Filter>Contents</Filter>
    </ClInclude>
    <ClInclude Include="DBCommand.h">
      <Filter>Database</Filter>
    </ClInclude>
    <ClInclude Include="User.h">
      <Filter>Contents</Filter>
    </ClInclude>
    <ClInclude Include="StoredProcedure.h">
      <Filter>Database</Filter>
    </ClInclude>
    <ClInclude Include="Protocol.pb.h">
      <Filter>Protocol</Filter>
    </ClInclude>
    <ClInclude Include="ClientSession.h">
      <Filter>Session</Filter>
    </ClInclude>
    <ClInclude Include="ClientPacketHandler.h">
      <Filter>PacketHandler</Filter>
    </ClInclude>
  </ItemGroup>
  <ItemGroup>
    <Filter Include="Contents">
      <UniqueIdentifier>{d787185a-b8b8-4d33-8138-ee6cb4dbb251}</UniqueIdentifier>
    </Filter>
    <Filter Include="Database">
      <UniqueIdentifier>{a1f109f2-e20c-4be3-a8e5-14ed06386a75}</UniqueIdentifier>
    </Filter>
    <Filter Include="Protocol">
      <UniqueIdentifier>{a3f37a2b-06b5-499e-8f0d-97799d272945}</UniqueIdentifier>
    </Filter>
    <Filter Include="Session">
      <UniqueIdentifier>{a2081b72-29ee-4aae-8379-ebd98490755c}</UniqueIdentifier>
    </Filter>
    <Filter Include="PacketHandler">
      <UniqueIdentifier>{d575f1e3-f146-46cb-b77f-d16b7fe27646}</UniqueIdentifier>
    </Filter>
  </ItemGroup>
  <ItemGroup>
    <None Include="..\Protobuf\Protocol.proto">
      <Filter>Protocol</Filter>
    </None>
    <None Include="..\Protobuf\GenPackets.bat">
      <Filter>Protocol</Filter>
    </None>
  </ItemGroup>
</Project>