<?xml version="1.0" encoding="utf-8"?>
<Project ToolsVersion="4.0" xmlns="http://schemas.microsoft.com/developer/msbuild/2003">
  <ItemGroup>
    <Filter Include="Network">
      <UniqueIdentifier>{53365dac-15d7-4354-b80a-95e917c5b792}</UniqueIdentifier>
    </Filter>
    <Filter Include="Pch">
      <UniqueIdentifier>{abc448f5-5809-4f8f-b2de-e70b3ea8dd72}</UniqueIdentifier>
    </Filter>
    <Filter Include="Lock">
      <UniqueIdentifier>{7cb5853d-f85d-429c-93f9-02b380b351a3}</UniqueIdentifier>
    </Filter>
    <Filter Include="Thread">
      <UniqueIdentifier>{6949ad21-0f80-40cb-90ca-adfe144e0b9e}</UniqueIdentifier>
    </Filter>
    <Filter Include="CoreUtils">
      <UniqueIdentifier>{351de774-4e9a-40aa-91cc-b8261f6bee51}</UniqueIdentifier>
    </Filter>
    <Filter Include="DateTime">
      <UniqueIdentifier>{e658f78b-eb23-43c7-a66e-2f54c2487e3e}</UniqueIdentifier>
    </Filter>
    <Filter Include="Job">
      <UniqueIdentifier>{b59418c1-604e-4c95-9a77-3628229d52f3}</UniqueIdentifier>
    </Filter>
    <Filter Include="Database">
      <UniqueIdentifier>{ae17e971-c6bf-4e64-8f89-bc23f7362843}</UniqueIdentifier>
    </Filter>
  </ItemGroup>
  <ItemGroup>
    <ClInclude Include="pch.h">
      <Filter>Pch</Filter>
    </ClInclude>
    <ClInclude Include="framework.h">
      <Filter>Pch</Filter>
    </ClInclude>
    <ClInclude Include="Session.h">
      <Filter>Network</Filter>
    </ClInclude>
    <ClInclude Include="Acceptor.h">
      <Filter>Network</Filter>
    </ClInclude>
    <ClInclude Include="IoContext.h">
      <Filter>Network</Filter>
    </ClInclude>
    <ClInclude Include="CorePch.h">
      <Filter>Pch</Filter>
    </ClInclude>
    <ClInclude Include="SpinLock.h">
      <Filter>Lock</Filter>
    </ClInclude>
    <ClInclude Include="CoreThreadLocal.h">
      <Filter>Thread</Filter>
    </ClInclude>
    <ClInclude Include="CoreUtils.h">
      <Filter>CoreUtils</Filter>
    </ClInclude>
    <ClInclude Include="ThreadManager.h">
      <Filter>Thread</Filter>
    </ClInclude>
    <ClInclude Include="Singleton.h">
      <Filter>CoreUtils</Filter>
    </ClInclude>
    <ClInclude Include="DateTime.h">
      <Filter>DateTime</Filter>
    </ClInclude>
    <ClInclude Include="Timer.h">
      <Filter>Job</Filter>
    </ClInclude>
    <ClInclude Include="CoreTypeDefine.h">
      <Filter>Pch</Filter>
    </ClInclude>
    <ClInclude Include="Job.h">
      <Filter>Job</Filter>
    </ClInclude>
    <ClInclude Include="Async.h">
      <Filter>Job</Filter>
    </ClInclude>
    <ClInclude Include="ServerService.h">
      <Filter>Network</Filter>
    </ClInclude>
    <ClInclude Include="IocpOperation.h">
      <Filter>Network</Filter>
    </ClInclude>
    <ClInclude Include="EndPoint.h">
      <Filter>Network</Filter>
    </ClInclude>
    <ClInclude Include="IocpObject.h">
      <Filter>Network</Filter>
    </ClInclude>
    <ClInclude Include="RecvBuffer.h">
      <Filter>Network</Filter>
    </ClInclude>
    <ClInclude Include="SocketUtils.h">
      <Filter>Network</Filter>
    </ClInclude>
    <ClInclude Include="SendBuffer.h">
      <Filter>Network</Filter>
    </ClInclude>
    <ClInclude Include="DBConnection.h">
      <Filter>Database</Filter>
    </ClInclude>
    <ClInclude Include="DBConnectionPool.h">
      <Filter>Database</Filter>
    </ClInclude>
  </ItemGroup>
  <ItemGroup>
    <ClCompile Include="pch.cpp">
      <Filter>Pch</Filter>
    </ClCompile>
    <ClCompile Include="Session.cpp">
      <Filter>Network</Filter>
    </ClCompile>
    <ClCompile Include="Acceptor.cpp">
      <Filter>Network</Filter>
    </ClCompile>
    <ClCompile Include="IoContext.cpp">
      <Filter>Network</Filter>
    </ClCompile>
    <ClCompile Include="CorePch.cpp">
      <Filter>Pch</Filter>
    </ClCompile>
    <ClCompile Include="SpinLock.cpp">
      <Filter>Lock</Filter>
    </ClCompile>
    <ClCompile Include="CoreThreadLocal.cpp">
      <Filter>Thread</Filter>
    </ClCompile>
    <ClCompile Include="ServerCore.cpp" />
    <ClCompile Include="CoreUtils.cpp">
      <Filter>CoreUtils</Filter>
    </ClCompile>
    <ClCompile Include="ThreadManager.cpp">
      <Filter>Thread</Filter>
    </ClCompile>
    <ClCompile Include="DateTime.cpp">
      <Filter>DateTime</Filter>
    </ClCompile>
    <ClCompile Include="Timer.cpp">
      <Filter>Job</Filter>
    </ClCompile>
  </ItemGroup>
</Project>